
Microsoft Visual Studio Solution File, Format Version 12.00
# Visual Studio Version 17
VisualStudioVersion = 17.4.33110.190
MinimumVisualStudioVersion = 10.0.40219.1
Project("{9A19103F-16F7-4668-BE54-9A1E7A4F7556}") = "OrderManagementSystem", "OrderManagementSystem\OrderManagementSystem.csproj", "{50E73E36-F6ED-486D-8989-41E07650E06A}"
EndProject
Project("{9A19103F-16F7-4668-BE54-9A1E7A4F7556}") = "ADO.NET_Helper", "ADO.NET Helper\ADO.NET_Helper.csproj", "{924B5329-1F8A-415E-9CDF-9BCF03585B4C}"
EndProject
Global
	GlobalSection(SolutionConfigurationPlatforms) = preSolution
		Debug|Any CPU = Debug|Any CPU
		Release|Any CPU = Release|Any CPU
	EndGlobalSection
	GlobalSection(ProjectConfigurationPlatforms) = postSolution
		{50E73E36-F6ED-486D-8989-41E07650E06A}.Debug|Any CPU.ActiveCfg = Debug|Any CPU
		{50E73E36-F6ED-486D-8989-41E07650E06A}.Debug|Any CPU.Build.0 = Debug|Any CPU
		{50E73E36-F6ED-486D-8989-41E07650E06A}.Release|Any CPU.ActiveCfg = Release|Any CPU
		{50E73E36-F6ED-486D-8989-41E07650E06A}.Release|Any CPU.Build.0 = Release|Any CPU
		{924B5329-1F8A-415E-9CDF-9BCF03585B4C}.Debug|Any CPU.ActiveCfg = Debug|Any CPU
		{924B5329-1F8A-415E-9CDF-9BCF03585B4C}.Debug|Any CPU.Build.0 = Debug|Any CPU
		{924B5329-1F8A-415E-9CDF-9BCF03585B4C}.Release|Any CPU.ActiveCfg = Release|Any CPU
		{924B5329-1F8A-415E-9CDF-9BCF03585B4C}.Release|Any CPU.Build.0 = Release|Any CPU
	EndGlobalSection
	GlobalSection(SolutionProperties) = preSolution
		HideSolutionNode = FALSE
	EndGlobalSection
	GlobalSection(ExtensibilityGlobals) = postSolution
		SolutionGuid = {19A788C6-38C6-493E-B1FB-77C2DF18A5C8}
	EndGlobalSection
EndGlobal
